// !$*UTF8*$!
{
	archiveVersion = 1;
	classes = {
	};
	objectVersion = 56;
	objects = {

/* Begin PBXBuildFile section */
		1392A9BE2AAA91E100513175 /* AppDelegate.swift in Sources */ = {isa = PBXBuildFile; fileRef = 1392A9BD2AAA91E100513175 /* AppDelegate.swift */; };
		1392A9C02AAA91E100513175 /* SceneDelegate.swift in Sources */ = {isa = PBXBuildFile; fileRef = 1392A9BF2AAA91E100513175 /* SceneDelegate.swift */; };
		1392A9C22AAA91E100513175 /* ViewController.swift in Sources */ = {isa = PBXBuildFile; fileRef = 1392A9C12AAA91E100513175 /* ViewController.swift */; };
		1392A9C52AAA91E100513175 /* Main.storyboard in Resources */ = {isa = PBXBuildFile; fileRef = 1392A9C32AAA91E100513175 /* Main.storyboard */; };
		1392A9C72AAA91E200513175 /* Assets.xcassets in Resources */ = {isa = PBXBuildFile; fileRef = 1392A9C62AAA91E200513175 /* Assets.xcassets */; };
		1392A9CA2AAA91E200513175 /* LaunchScreen.storyboard in Resources */ = {isa = PBXBuildFile; fileRef = 1392A9C82AAA91E200513175 /* LaunchScreen.storyboard */; };
		1392A9D22AAA92C000513175 /* GoogleService-Info.plist in Resources */ = {isa = PBXBuildFile; fileRef = 1392A9D12AAA92C000513175 /* GoogleService-Info.plist */; };
		1392A9D52AAA937C00513175 /* FirebaseAuth in Frameworks */ = {isa = PBXBuildFile; productRef = 1392A9D42AAA937C00513175 /* FirebaseAuth */; };
		1392A9D72AAA937C00513175 /* FirebaseAuthCombine-Community in Frameworks */ = {isa = PBXBuildFile; productRef = 1392A9D62AAA937C00513175 /* FirebaseAuthCombine-Community */; };
		1392A9D92AAA937C00513175 /* FirebaseDatabase in Frameworks */ = {isa = PBXBuildFile; productRef = 1392A9D82AAA937C00513175 /* FirebaseDatabase */; };
		1392A9DB2AAA937C00513175 /* FirebaseDatabaseSwift in Frameworks */ = {isa = PBXBuildFile; productRef = 1392A9DA2AAA937C00513175 /* FirebaseDatabaseSwift */; };
		1392A9DD2AAA951A00513175 /* LoginViewController.swift in Sources */ = {isa = PBXBuildFile; fileRef = 1392A9DC2AAA951A00513175 /* LoginViewController.swift */; };
		1392A9DF2AAA958300513175 /* UpdateViewController.swift in Sources */ = {isa = PBXBuildFile; fileRef = 1392A9DE2AAA958300513175 /* UpdateViewController.swift */; };
		1392A9E12AAA959F00513175 /* RegisterViewController.swift in Sources */ = {isa = PBXBuildFile; fileRef = 1392A9E02AAA959F00513175 /* RegisterViewController.swift */; };
		1392A9E32AAA9EF300513175 /* Employee.swift in Sources */ = {isa = PBXBuildFile; fileRef = 1392A9E22AAA9EF300513175 /* Employee.swift */; };
		1392A9E52AAAA1A100513175 /* FirebaseAuthManager.swift in Sources */ = {isa = PBXBuildFile; fileRef = 1392A9E42AAAA1A100513175 /* FirebaseAuthManager.swift */; };
/* End PBXBuildFile section */

/* Begin PBXFileReference section */
		1392A9BA2AAA91E100513175 /* FirebaseDataTest.app */ = {isa = PBXFileReference; explicitFileType = wrapper.application; includeInIndex = 0; path = FirebaseDataTest.app; sourceTree = BUILT_PRODUCTS_DIR; };
		1392A9BD2AAA91E100513175 /* AppDelegate.swift */ = {isa = PBXFileReference; lastKnownFileType = sourcecode.swift; path = AppDelegate.swift; sourceTree = "<group>"; };
		1392A9BF2AAA91E100513175 /* SceneDelegate.swift */ = {isa = PBXFileReference; lastKnownFileType = sourcecode.swift; path = SceneDelegate.swift; sourceTree = "<group>"; };
		1392A9C12AAA91E100513175 /* ViewController.swift */ = {isa = PBXFileReference; lastKnownFileType = sourcecode.swift; path = ViewController.swift; sourceTree = "<group>"; };
		1392A9C42AAA91E100513175 /* Base */ = {isa = PBXFileReference; lastKnownFileType = file.storyboard; name = Base; path = Base.lproj/Main.storyboard; sourceTree = "<group>"; };
		1392A9C62AAA91E200513175 /* Assets.xcassets */ = {isa = PBXFileReference; lastKnownFileType = folder.assetcatalog; path = Assets.xcassets; sourceTree = "<group>"; };
		1392A9C92AAA91E200513175 /* Base */ = {isa = PBXFileReference; lastKnownFileType = file.storyboard; name = Base; path = Base.lproj/LaunchScreen.storyboard; sourceTree = "<group>"; };
		1392A9CB2AAA91E200513175 /* Info.plist */ = {isa = PBXFileReference; lastKnownFileType = text.plist.xml; path = Info.plist; sourceTree = "<group>"; };
		1392A9D12AAA92C000513175 /* GoogleService-Info.plist */ = {isa = PBXFileReference; fileEncoding = 4; lastKnownFileType = text.plist.xml; path = "GoogleService-Info.plist"; sourceTree = "<group>"; };
		1392A9DC2AAA951A00513175 /* LoginViewController.swift */ = {isa = PBXFileReference; lastKnownFileType = sourcecode.swift; path = LoginViewController.swift; sourceTree = "<group>"; };
		1392A9DE2AAA958300513175 /* UpdateViewController.swift */ = {isa = PBXFileReference; lastKnownFileType = sourcecode.swift; path = UpdateViewController.swift; sourceTree = "<group>"; };
		1392A9E02AAA959F00513175 /* RegisterViewController.swift */ = {isa = PBXFileReference; lastKnownFileType = sourcecode.swift; path = RegisterViewController.swift; sourceTree = "<group>"; };
		1392A9E22AAA9EF300513175 /* Employee.swift */ = {isa = PBXFileReference; lastKnownFileType = sourcecode.swift; path = Employee.swift; sourceTree = "<group>"; };
		1392A9E42AAAA1A100513175 /* FirebaseAuthManager.swift */ = {isa = PBXFileReference; lastKnownFileType = sourcecode.swift; path = FirebaseAuthManager.swift; sourceTree = "<group>"; };
/* End PBXFileReference section */

/* Begin PBXFrameworksBuildPhase section */
		1392A9B72AAA91E100513175 /* Frameworks */ = {
			isa = PBXFrameworksBuildPhase;
			buildActionMask = 2147483647;
			files = (
				1392A9DB2AAA937C00513175 /* FirebaseDatabaseSwift in Frameworks */,
				1392A9D92AAA937C00513175 /* FirebaseDatabase in Frameworks */,
				1392A9D52AAA937C00513175 /* FirebaseAuth in Frameworks */,
				1392A9D72AAA937C00513175 /* FirebaseAuthCombine-Community in Frameworks */,
			);
			runOnlyForDeploymentPostprocessing = 0;
		};
/* End PBXFrameworksBuildPhase section */

/* Begin PBXGroup section */
		1392A9B12AAA91E100513175 = {
			isa = PBXGroup;
			children = (
				1392A9BC2AAA91E100513175 /* FirebaseDataTest */,
				1392A9BB2AAA91E100513175 /* Products */,
			);
			sourceTree = "<group>";
		};
		1392A9BB2AAA91E100513175 /* Products */ = {
			isa = PBXGroup;
			children = (
				1392A9BA2AAA91E100513175 /* FirebaseDataTest.app */,
			);
			name = Products;
			sourceTree = "<group>";
		};
		1392A9BC2AAA91E100513175 /* FirebaseDataTest */ = {
			isa = PBXGroup;
			children = (
				1392A9BD2AAA91E100513175 /* AppDelegate.swift */,
				1392A9BF2AAA91E100513175 /* SceneDelegate.swift */,
				1392A9C12AAA91E100513175 /* ViewController.swift */,
				1392A9DC2AAA951A00513175 /* LoginViewController.swift */,
				1392A9DE2AAA958300513175 /* UpdateViewController.swift */,
				1392A9E02AAA959F00513175 /* RegisterViewController.swift */,
				1392A9E42AAAA1A100513175 /* FirebaseAuthManager.swift */,
				1392A9E22AAA9EF300513175 /* Employee.swift */,
				1392A9D12AAA92C000513175 /* GoogleService-Info.plist */,
				1392A9C32AAA91E100513175 /* Main.storyboard */,
				1392A9C62AAA91E200513175 /* Assets.xcassets */,
				1392A9C82AAA91E200513175 /* LaunchScreen.storyboard */,
				1392A9CB2AAA91E200513175 /* Info.plist */,
			);
			path = FirebaseDataTest;
			sourceTree = "<group>";
		};
/* End PBXGroup section */

/* Begin PBXNativeTarget section */
		1392A9B92AAA91E100513175 /* FirebaseDataTest */ = {
			isa = PBXNativeTarget;
			buildConfigurationList = 1392A9CE2AAA91E200513175 /* Build configuration list for PBXNativeTarget "FirebaseDataTest" */;
			buildPhases = (
				1392A9B62AAA91E100513175 /* Sources */,
				1392A9B72AAA91E100513175 /* Frameworks */,
				1392A9B82AAA91E100513175 /* Resources */,
			);
			buildRules = (
			);
			dependencies = (
			);
			name = FirebaseDataTest;
			packageProductDependencies = (
				1392A9D42AAA937C00513175 /* FirebaseAuth */,
				1392A9D62AAA937C00513175 /* FirebaseAuthCombine-Community */,
				1392A9D82AAA937C00513175 /* FirebaseDatabase */,
				1392A9DA2AAA937C00513175 /* FirebaseDatabaseSwift */,
			);
			productName = FirebaseDataTest;
			productReference = 1392A9BA2AAA91E100513175 /* FirebaseDataTest.app */;
			productType = "com.apple.product-type.application";
		};
/* End PBXNativeTarget section */

/* Begin PBXProject section */
		1392A9B22AAA91E100513175 /* Project object */ = {
			isa = PBXProject;
			attributes = {
				BuildIndependentTargetsInParallel = 1;
				LastSwiftUpdateCheck = 1420;
				LastUpgradeCheck = 1420;
				TargetAttributes = {
					1392A9B92AAA91E100513175 = {
						CreatedOnToolsVersion = 14.2;
					};
				};
			};
			buildConfigurationList = 1392A9B52AAA91E100513175 /* Build configuration list for PBXProject "FirebaseDataTest" */;
			compatibilityVersion = "Xcode 14.0";
			developmentRegion = en;
			hasScannedForEncodings = 0;
			knownRegions = (
				en,
				Base,
			);
			mainGroup = 1392A9B12AAA91E100513175;
			packageReferences = (
				1392A9D32AAA937C00513175 /* XCRemoteSwiftPackageReference "firebase-ios-sdk" */,
			);
			productRefGroup = 1392A9BB2AAA91E100513175 /* Products */;
			projectDirPath = "";
			projectRoot = "";
			targets = (
				1392A9B92AAA91E100513175 /* FirebaseDataTest */,
			);
		};
/* End PBXProject section */

/* Begin PBXResourcesBuildPhase section */
		1392A9B82AAA91E100513175 /* Resources */ = {
			isa = PBXResourcesBuildPhase;
			buildActionMask = 2147483647;
			files = (
				1392A9CA2AAA91E200513175 /* LaunchScreen.storyboard in Resources */,
				1392A9D22AAA92C000513175 /* GoogleService-Info.plist in Resources */,
				1392A9C72AAA91E200513175 /* Assets.xcassets in Resources */,
				1392A9C52AAA91E100513175 /* Main.storyboard in Resources */,
			);
			runOnlyForDeploymentPostprocessing = 0;
		};
/* End PBXResourcesBuildPhase section */

/* Begin PBXSourcesBuildPhase section */
		1392A9B62AAA91E100513175 /* Sources */ = {
			isa = PBXSourcesBuildPhase;
			buildActionMask = 2147483647;
			files = (
				1392A9DD2AAA951A00513175 /* LoginViewController.swift in Sources */,
				1392A9C22AAA91E100513175 /* ViewController.swift in Sources */,
				1392A9E52AAAA1A100513175 /* FirebaseAuthManager.swift in Sources */,
				1392A9BE2AAA91E100513175 /* AppDelegate.swift in Sources */,
				1392A9E32AAA9EF300513175 /* Employee.swift in Sources */,
				1392A9E12AAA959F00513175 /* RegisterViewController.swift in Sources */,
				1392A9C02AAA91E100513175 /* SceneDelegate.swift in Sources */,
				1392A9DF2AAA958300513175 /* UpdateViewController.swift in Sources */,
			);
			runOnlyForDeploymentPostprocessing = 0;
		};
/* End PBXSourcesBuildPhase section */

/* Begin PBXVariantGroup section */
		1392A9C32AAA91E100513175 /* Main.storyboard */ = {
			isa = PBXVariantGroup;
			children = (
				1392A9C42AAA91E100513175 /* Base */,
			);
			name = Main.storyboard;
			sourceTree = "<group>";
		};
		1392A9C82AAA91E200513175 /* LaunchScreen.storyboard */ = {
			isa = PBXVariantGroup;
			children = (
				1392A9C92AAA91E200513175 /* Base */,
			);
			name = LaunchScreen.storyboard;
			sourceTree = "<group>";
		};
/* End PBXVariantGroup section */

/* Begin XCBuildConfiguration section */
		1392A9CC2AAA91E200513175 /* Debug */ = {
			isa = XCBuildConfiguration;
			buildSettings = {
				ALWAYS_SEARCH_USER_PATHS = NO;
				CLANG_ANALYZER_NONNULL = YES;
				CLANG_ANALYZER_NUMBER_OBJECT_CONVERSION = YES_AGGRESSIVE;
				CLANG_CXX_LANGUAGE_STANDARD = "gnu++20";
				CLANG_ENABLE_MODULES = YES;
				CLANG_ENABLE_OBJC_ARC = YES;
				CLANG_ENABLE_OBJC_WEAK = YES;
				CLANG_WARN_BLOCK_CAPTURE_AUTORELEASING = YES;
				CLANG_WARN_BOOL_CONVERSION = YES;
				CLANG_WARN_COMMA = YES;
				CLANG_WARN_CONSTANT_CONVERSION = YES;
				CLANG_WARN_DEPRECATED_OBJC_IMPLEMENTATIONS = YES;
				CLANG_WARN_DIRECT_OBJC_ISA_USAGE = YES_ERROR;
				CLANG_WARN_DOCUMENTATION_COMMENTS = YES;
				CLANG_WARN_EMPTY_BODY = YES;
				CLANG_WARN_ENUM_CONVERSION = YES;
				CLANG_WARN_INFINITE_RECURSION = YES;
				CLANG_WARN_INT_CONVERSION = YES;
				CLANG_WARN_NON_LITERAL_NULL_CONVERSION = YES;
				CLANG_WARN_OBJC_IMPLICIT_RETAIN_SELF = YES;
				CLANG_WARN_OBJC_LITERAL_CONVERSION = YES;
				CLANG_WARN_OBJC_ROOT_CLASS = YES_ERROR;
				CLANG_WARN_QUOTED_INCLUDE_IN_FRAMEWORK_HEADER = YES;
				CLANG_WARN_RANGE_LOOP_ANALYSIS = YES;
				CLANG_WARN_STRICT_PROTOTYPES = YES;
				CLANG_WARN_SUSPICIOUS_MOVE = YES;
				CLANG_WARN_UNGUARDED_AVAILABILITY = YES_AGGRESSIVE;
				CLANG_WARN_UNREACHABLE_CODE = YES;
				CLANG_WARN__DUPLICATE_METHOD_MATCH = YES;
				COPY_PHASE_STRIP = NO;
				DEBUG_INFORMATION_FORMAT = dwarf;
				ENABLE_STRICT_OBJC_MSGSEND = YES;
				ENABLE_TESTABILITY = YES;
				GCC_C_LANGUAGE_STANDARD = gnu11;
				GCC_DYNAMIC_NO_PIC = NO;
				GCC_NO_COMMON_BLOCKS = YES;
				GCC_OPTIMIZATION_LEVEL = 0;
				GCC_PREPROCESSOR_DEFINITIONS = (
					"DEBUG=1",
					"$(inherited)",
				);
				GCC_WARN_64_TO_32_BIT_CONVERSION = YES;
				GCC_WARN_ABOUT_RETURN_TYPE = YES_ERROR;
				GCC_WARN_UNDECLARED_SELECTOR = YES;
				GCC_WARN_UNINITIALIZED_AUTOS = YES_AGGRESSIVE;
				GCC_WARN_UNUSED_FUNCTION = YES;
				GCC_WARN_UNUSED_VARIABLE = YES;
				IPHONEOS_DEPLOYMENT_TARGET = 16.2;
				MTL_ENABLE_DEBUG_INFO = INCLUDE_SOURCE;
				MTL_FAST_MATH = YES;
				ONLY_ACTIVE_ARCH = YES;
				SDKROOT = iphoneos;
				SWIFT_ACTIVE_COMPILATION_CONDITIONS = DEBUG;
				SWIFT_OPTIMIZATION_LEVEL = "-Onone";
			};
			name = Debug;
		};
		1392A9CD2AAA91E200513175 /* Release */ = {
			isa = XCBuildConfiguration;
			buildSettings = {
				ALWAYS_SEARCH_USER_PATHS = NO;
				CLANG_ANALYZER_NONNULL = YES;
				CLANG_ANALYZER_NUMBER_OBJECT_CONVERSION = YES_AGGRESSIVE;
				CLANG_CXX_LANGUAGE_STANDARD = "gnu++20";
				CLANG_ENABLE_MODULES = YES;
				CLANG_ENABLE_OBJC_ARC = YES;
				CLANG_ENABLE_OBJC_WEAK = YES;
				CLANG_WARN_BLOCK_CAPTURE_AUTORELEASING = YES;
				CLANG_WARN_BOOL_CONVERSION = YES;
				CLANG_WARN_COMMA = YES;
				CLANG_WARN_CONSTANT_CONVERSION = YES;
				CLANG_WARN_DEPRECATED_OBJC_IMPLEMENTATIONS = YES;
				CLANG_WARN_DIRECT_OBJC_ISA_USAGE = YES_ERROR;
				CLANG_WARN_DOCUMENTATION_COMMENTS = YES;
				CLANG_WARN_EMPTY_BODY = YES;
				CLANG_WARN_ENUM_CONVERSION = YES;
				CLANG_WARN_INFINITE_RECURSION = YES;
				CLANG_WARN_INT_CONVERSION = YES;
				CLANG_WARN_NON_LITERAL_NULL_CONVERSION = YES;
				CLANG_WARN_OBJC_IMPLICIT_RETAIN_SELF = YES;
				CLANG_WARN_OBJC_LITERAL_CONVERSION = YES;
				CLANG_WARN_OBJC_ROOT_CLASS = YES_ERROR;
				CLANG_WARN_QUOTED_INCLUDE_IN_FRAMEWORK_HEADER = YES;
				CLANG_WARN_RANGE_LOOP_ANALYSIS = YES;
				CLANG_WARN_STRICT_PROTOTYPES = YES;
				CLANG_WARN_SUSPICIOUS_MOVE = YES;
				CLANG_WARN_UNGUARDED_AVAILABILITY = YES_AGGRESSIVE;
				CLANG_WARN_UNREACHABLE_CODE = YES;
				CLANG_WARN__DUPLICATE_METHOD_MATCH = YES;
				COPY_PHASE_STRIP = NO;
				DEBUG_INFORMATION_FORMAT = "dwarf-with-dsym";
				ENABLE_NS_ASSERTIONS = NO;
				ENABLE_STRICT_OBJC_MSGSEND = YES;
				GCC_C_LANGUAGE_STANDARD = gnu11;
				GCC_NO_COMMON_BLOCKS = YES;
				GCC_WARN_64_TO_32_BIT_CONVERSION = YES;
				GCC_WARN_ABOUT_RETURN_TYPE = YES_ERROR;
				GCC_WARN_UNDECLARED_SELECTOR = YES;
				GCC_WARN_UNINITIALIZED_AUTOS = YES_AGGRESSIVE;
				GCC_WARN_UNUSED_FUNCTION = YES;
				GCC_WARN_UNUSED_VARIABLE = YES;
				IPHONEOS_DEPLOYMENT_TARGET = 16.2;
				MTL_ENABLE_DEBUG_INFO = NO;
				MTL_FAST_MATH = YES;
				SDKROOT = iphoneos;
				SWIFT_COMPILATION_MODE = wholemodule;
				SWIFT_OPTIMIZATION_LEVEL = "-O";
				VALIDATE_PRODUCT = YES;
			};
			name = Release;
		};
		1392A9CF2AAA91E200513175 /* Debug */ = {
			isa = XCBuildConfiguration;
			buildSettings = {
				ASSETCATALOG_COMPILER_APPICON_NAME = AppIcon;
				ASSETCATALOG_COMPILER_GLOBAL_ACCENT_COLOR_NAME = AccentColor;
				CODE_SIGN_STYLE = Automatic;
				CURRENT_PROJECT_VERSION = 1;
				DEVELOPMENT_TEAM = K4627HX2DN;
				GENERATE_INFOPLIST_FILE = YES;
				INFOPLIST_FILE = FirebaseDataTest/Info.plist;
				INFOPLIST_KEY_UIApplicationSupportsIndirectInputEvents = YES;
				INFOPLIST_KEY_UILaunchStoryboardName = LaunchScreen;
				INFOPLIST_KEY_UIMainStoryboardFile = Main;
				INFOPLIST_KEY_UISupportedInterfaceOrientations_iPad = "UIInterfaceOrientationPortrait UIInterfaceOrientationPortraitUpsideDown UIInterfaceOrientationLandscapeLeft UIInterfaceOrientationLandscapeRight";
				INFOPLIST_KEY_UISupportedInterfaceOrientations_iPhone = "UIInterfaceOrientationPortrait UIInterfaceOrientationLandscapeLeft UIInterfaceOrientationLandscapeRight";
				LD_RUNPATH_SEARCH_PATHS = (
					"$(inherited)",
					"@executable_path/Frameworks",
				);
				MARKETING_VERSION = 1.0;
				PRODUCT_BUNDLE_IDENTIFIER = C.FirebaseDataTest;
				PRODUCT_NAME = "$(TARGET_NAME)";
				SWIFT_EMIT_LOC_STRINGS = YES;
				SWIFT_VERSION = 5.0;
				TARGETED_DEVICE_FAMILY = "1,2";
			};
			name = Debug;
		};
		1392A9D02AAA91E200513175 /* Release */ = {
			isa = XCBuildConfiguration;
			buildSettings = {
				ASSETCATALOG_COMPILER_APPICON_NAME = AppIcon;
				ASSETCATALOG_COMPILER_GLOBAL_ACCENT_COLOR_NAME = AccentColor;
				CODE_SIGN_STYLE = Automatic;
				CURRENT_PROJECT_VERSION = 1;
				DEVELOPMENT_TEAM = K4627HX2DN;
				GENERATE_INFOPLIST_FILE = YES;
				INFOPLIST_FILE = FirebaseDataTest/Info.plist;
				INFOPLIST_KEY_UIApplicationSupportsIndirectInputEvents = YES;
				INFOPLIST_KEY_UILaunchStoryboardName = LaunchScreen;
				INFOPLIST_KEY_UIMainStoryboardFile = Main;
				INFOPLIST_KEY_UISupportedInterfaceOrientations_iPad = "UIInterfaceOrientationPortrait UIInterfaceOrientationPortraitUpsideDown UIInterfaceOrientationLandscapeLeft UIInterfaceOrientationLandscapeRight";
				INFOPLIST_KEY_UISupportedInterfaceOrientations_iPhone = "UIInterfaceOrientationPortrait UIInterfaceOrientationLandscapeLeft UIInterfaceOrientationLandscapeRight";
				LD_RUNPATH_SEARCH_PATHS = (
					"$(inherited)",
					"@executable_path/Frameworks",
				);
				MARKETING_VERSION = 1.0;
				PRODUCT_BUNDLE_IDENTIFIER = C.FirebaseDataTest;
				PRODUCT_NAME = "$(TARGET_NAME)";
				SWIFT_EMIT_LOC_STRINGS = YES;
				SWIFT_VERSION = 5.0;
				TARGETED_DEVICE_FAMILY = "1,2";
			};
			name = Release;
		};
/* End XCBuildConfiguration section */

/* Begin XCConfigurationList section */
		1392A9B52AAA91E100513175 /* Build configuration list for PBXProject "FirebaseDataTest" */ = {
			isa = XCConfigurationList;
			buildConfigurations = (
				1392A9CC2AAA91E200513175 /* Debug */,
				1392A9CD2AAA91E200513175 /* Release */,
			);
			defaultConfigurationIsVisible = 0;
			defaultConfigurationName = Release;
		};
		1392A9CE2AAA91E200513175 /* Build configuration list for PBXNativeTarget "FirebaseDataTest" */ = {
			isa = XCConfigurationList;
			buildConfigurations = (
				1392A9CF2AAA91E200513175 /* Debug */,
				1392A9D02AAA91E200513175 /* Release */,
			);
			defaultConfigurationIsVisible = 0;
			defaultConfigurationName = Release;
		};
/* End XCConfigurationList section */

/* Begin XCRemoteSwiftPackageReference section */
		1392A9D32AAA937C00513175 /* XCRemoteSwiftPackageReference "firebase-ios-sdk" */ = {
			isa = XCRemoteSwiftPackageReference;
			repositoryURL = "https://github.com/firebase/firebase-ios-sdk.git";
			requirement = {
				branch = master;
				kind = branch;
			};
		};
/* End XCRemoteSwiftPackageReference section */

/* Begin XCSwiftPackageProductDependency section */
		1392A9D42AAA937C00513175 /* FirebaseAuth */ = {
			isa = XCSwiftPackageProductDependency;
			package = 1392A9D32AAA937C00513175 /* XCRemoteSwiftPackageReference "firebase-ios-sdk" */;
			productName = FirebaseAuth;
		};
		1392A9D62AAA937C00513175 /* FirebaseAuthCombine-Community */ = {
			isa = XCSwiftPackageProductDependency;
			package = 1392A9D32AAA937C00513175 /* XCRemoteSwiftPackageReference "firebase-ios-sdk" */;
			productName = "FirebaseAuthCombine-Community";
		};
		1392A9D82AAA937C00513175 /* FirebaseDatabase */ = {
			isa = XCSwiftPackageProductDependency;
			package = 1392A9D32AAA937C00513175 /* XCRemoteSwiftPackageReference "firebase-ios-sdk" */;
			productName = FirebaseDatabase;
		};
		1392A9DA2AAA937C00513175 /* FirebaseDatabaseSwift */ = {
			isa = XCSwiftPackageProductDependency;
			package = 1392A9D32AAA937C00513175 /* XCRemoteSwiftPackageReference "firebase-ios-sdk" */;
			productName = FirebaseDatabaseSwift;
		};
/* End XCSwiftPackageProductDependency section */
	};
	rootObject = 1392A9B22AAA91E100513175 /* Project object */;
}
